
Microsoft Visual Studio Solution File, Format Version 12.00
# Visual Studio Version 16
VisualStudioVersion = 16.0.30413.136
MinimumVisualStudioVersion = 10.0.40219.1
Project("{FAE04EC0-301F-11D3-BF4B-00C04F79EFBC}") = "WeatherBot", "WeatherBot\WeatherBot.csproj", "{920592DA-6C3C-4EAE-9B59-9C0921EF8B3B}"
EndProject
Global
	GlobalSection(SolutionConfigurationPlatforms) = preSolution
		Debug|Any CPU = Debug|Any CPU
		Release|Any CPU = Release|Any CPU
	EndGlobalSection
	GlobalSection(ProjectConfigurationPlatforms) = postSolution
		{920592DA-6C3C-4EAE-9B59-9C0921EF8B3B}.Debug|Any CPU.ActiveCfg = Debug|Any CPU
		{920592DA-6C3C-4EAE-9B59-9C0921EF8B3B}.Debug|Any CPU.Build.0 = Debug|Any CPU
		{920592DA-6C3C-4EAE-9B59-9C0921EF8B3B}.Release|Any CPU.ActiveCfg = Release|Any CPU
		{920592DA-6C3C-4EAE-9B59-9C0921EF8B3B}.Release|Any CPU.Build.0 = Release|Any CPU
	EndGlobalSection
	GlobalSection(SolutionProperties) = preSolution
		HideSolutionNode = FALSE
	EndGlobalSection
	GlobalSection(ExtensibilityGlobals) = postSolution
		SolutionGuid = {2B796754-9D84-47FF-A766-55A2D4CE7346}
	EndGlobalSection
EndGlobal
